{
	"name": "test",
	"lockfileVersion": 2,
	"requires": true,
	"packages": {
		"": {
			"name": "test",
			"dependencies": {
				"@atlaskit/button": "^16.3.1"
			},
			"devDependencies": {
				"@types/react": "^18.0.12",
				"react": "^16.8",
				"react-dom": "^16.8",
				"styled-components": "^3.2",
				"typescript": "^4.7.3"
			}
		},
		"node_modules/@atlaskit/button": {
			"version": "16.3.1",
			"resolved": "https://registry.npmmirror.com/@atlaskit/button/-/button-16.3.1.tgz",
			"integrity": "sha512-44lEkbTz/PqQyOt6gB2/RDUEEUcSTsZoHWTXWLMQUXgGLxtKaUya+lznQfngDVUBBoSN3abLXJXkykj/cj5Z3A==",
			"dependencies": {
				"@atlaskit/analytics-next": "^8.2.0",
				"@atlaskit/ds-lib": "^1.4.0",
				"@atlaskit/spinner": "^15.1.0",
				"@atlaskit/theme": "^12.1.0",
				"@atlaskit/tokens": "^0.10.0",
				"@babel/runtime": "^7.0.0",
				"@emotion/core": "^10.0.9"
			},
			"peerDependencies": {
				"react": "^16.8.0"
			}
		},
		"node_modules/@atlaskit/button/node_modules/@atlaskit/analytics-next": {
			"version": "8.3.1",
			"resolved": "https://registry.npmmirror.com/@atlaskit/analytics-next/-/analytics-next-8.3.1.tgz",
			"integrity": "sha512-vM1pMtn2IvCbUG6ZufWYJ8PUFluhUWVNtVZG+vR6ywdOC7M2bWrcfb18jBaIq2GfL/DzUQwOO3dZ2NFVpQTSLA==",
			"dependencies": {
				"@atlaskit/analytics-next-stable-react-context": "1.0.1",
				"@babel/runtime": "^7.0.0",
				"prop-types": "^15.5.10",
				"use-memo-one": "^1.1.1"
			},
			"peerDependencies": {
				"react": "^16.8.0"
			}
		},
		"node_modules/@atlaskit/button/node_modules/@atlaskit/analytics-next-stable-react-context": {
			"version": "1.0.1",
			"resolved": "https://registry.npmmirror.com/@atlaskit/analytics-next-stable-react-context/-/analytics-next-stable-react-context-1.0.1.tgz",
			"integrity": "sha512-iO6+hIp09dF4iAZQarVz3vKY1kM5Ij5CExYcK9jgc2q+OH8nv8n+BPFeJTdzGOGopmbUZn5Opj9pYQvge1Gr4Q==",
			"dependencies": {
				"tslib": "^2.0.0"
			},
			"peerDependencies": {
				"react": "^16.8.0"
			}
		},
		"node_modules/@atlaskit/button/node_modules/@atlaskit/ds-lib": {
			"version": "1.4.2",
			"resolved": "https://registry.npmmirror.com/@atlaskit/ds-lib/-/ds-lib-1.4.2.tgz",
			"integrity": "sha512-HcZbjppbWLH6cYyb/fDplUZaWabtM1qdse2zUJaACsGTSCCI1m8+T3dVCYlGn6NtzehqkabEY9DWgK/DlLzNlQ==",
			"dependencies": {
				"@babel/runtime": "^7.0.0"
			},
			"peerDependencies": {
				"react": "^16.8.0"
			}
		},
		"node_modules/@atlaskit/codemod-utils": {
			"version": "4.1.0",
			"license": "Apache-2.0",
			"dependencies": {
				"@babel/runtime": "^7.0.0"
			}
		},
		"node_modules/@atlaskit/spinner": {
			"version": "15.1.12",
			"license": "Apache-2.0",
			"dependencies": {
				"@atlaskit/theme": "^12.1.0",
				"@atlaskit/tokens": "^0.10.0",
				"@babel/runtime": "^7.0.0",
				"@emotion/core": "^10.0.9"
			},
			"peerDependencies": {
				"react": "^16.8.0"
			}
		},
		"node_modules/@atlaskit/theme": {
			"version": "12.1.8",
			"license": "Apache-2.0",
			"dependencies": {
				"@atlaskit/codemod-utils": "^4.0.0",
				"@atlaskit/ds-lib": "^1.4.0",
				"@atlaskit/tokens": "^0.10.0",
				"@babel/runtime": "^7.0.0"
			},
			"peerDependencies": {
				"react": "^16.8.0"
			}
		},
		"node_modules/@atlaskit/theme/node_modules/@atlaskit/ds-lib": {
			"version": "1.4.2",
			"resolved": "https://registry.npmmirror.com/@atlaskit/ds-lib/-/ds-lib-1.4.2.tgz",
			"integrity": "sha512-HcZbjppbWLH6cYyb/fDplUZaWabtM1qdse2zUJaACsGTSCCI1m8+T3dVCYlGn6NtzehqkabEY9DWgK/DlLzNlQ==",
			"dependencies": {
				"@babel/runtime": "^7.0.0"
			},
			"peerDependencies": {
				"react": "^16.8.0"
			}
		},
		"node_modules/@atlaskit/tokens": {
			"version": "0.10.5",
			"license": "Apache-2.0",
			"dependencies": {
				"@atlaskit/ds-lib": "^1.4.0",
				"@babel/runtime": "^7.0.0",
				"@babel/traverse": "^7.15.0",
				"@babel/types": "^7.15.0"
			},
			"peerDependencies": {
				"react": "^16.8.0"
			}
		},
		"node_modules/@atlaskit/tokens/node_modules/@atlaskit/ds-lib": {
			"version": "1.4.2",
			"resolved": "https://registry.npmmirror.com/@atlaskit/ds-lib/-/ds-lib-1.4.2.tgz",
			"integrity": "sha512-HcZbjppbWLH6cYyb/fDplUZaWabtM1qdse2zUJaACsGTSCCI1m8+T3dVCYlGn6NtzehqkabEY9DWgK/DlLzNlQ==",
			"dependencies": {
				"@babel/runtime": "^7.0.0"
			},
			"peerDependencies": {
				"react": "^16.8.0"
			}
		},
		"node_modules/@babel/code-frame": {
			"version": "7.16.7",
			"license": "MIT",
			"dependencies": {
				"@babel/highlight": "^7.16.7"
			},
			"engines": {
				"node": ">=6.9.0"
			}
		},
		"node_modules/@babel/generator": {
			"version": "7.18.2",
			"license": "MIT",
			"dependencies": {
				"@babel/types": "^7.18.2",
				"@jridgewell/gen-mapping": "^0.3.0",
				"jsesc": "^2.5.1"
			},
			"engines": {
				"node": ">=6.9.0"
			}
		},
		"node_modules/@babel/helper-environment-visitor": {
			"version": "7.18.2",
			"license": "MIT",
			"engines": {
				"node": ">=6.9.0"
			}
		},
		"node_modules/@babel/helper-function-name": {
			"version": "7.17.9",
			"license": "MIT",
			"dependencies": {
				"@babel/template": "^7.16.7",
				"@babel/types": "^7.17.0"
			},
			"engines": {
				"node": ">=6.9.0"
			}
		},
		"node_modules/@babel/helper-hoist-variables": {
			"version": "7.16.7",
			"license": "MIT",
			"dependencies": {
				"@babel/types": "^7.16.7"
			},
			"engines": {
				"node": ">=6.9.0"
			}
		},
		"node_modules/@babel/helper-module-imports": {
			"version": "7.16.7",
			"license": "MIT",
			"dependencies": {
				"@babel/types": "^7.16.7"
			},
			"engines": {
				"node": ">=6.9.0"
			}
		},
		"node_modules/@babel/helper-split-export-declaration": {
			"version": "7.16.7",
			"license": "MIT",
			"dependencies": {
				"@babel/types": "^7.16.7"
			},
			"engines": {
				"node": ">=6.9.0"
			}
		},
		"node_modules/@babel/helper-validator-identifier": {
			"version": "7.16.7",
			"license": "MIT",
			"engines": {
				"node": ">=6.9.0"
			}
		},
		"node_modules/@babel/highlight": {
			"version": "7.17.12",
			"license": "MIT",
			"dependencies": {
				"@babel/helper-validator-identifier": "^7.16.7",
				"chalk": "^2.0.0",
				"js-tokens": "^4.0.0"
			},
			"engines": {
				"node": ">=6.9.0"
			}
		},
		"node_modules/@babel/parser": {
			"version": "7.18.5",
			"license": "MIT",
			"bin": {
				"parser": "bin/babel-parser.js"
			},
			"engines": {
				"node": ">=6.0.0"
			}
		},
		"node_modules/@babel/runtime": {
			"version": "7.18.3",
			"license": "MIT",
			"dependencies": {
				"regenerator-runtime": "^0.13.4"
			},
			"engines": {
				"node": ">=6.9.0"
			}
		},
		"node_modules/@babel/template": {
			"version": "7.16.7",
			"license": "MIT",
			"dependencies": {
				"@babel/code-frame": "^7.16.7",
				"@babel/parser": "^7.16.7",
				"@babel/types": "^7.16.7"
			},
			"engines": {
				"node": ">=6.9.0"
			}
		},
		"node_modules/@babel/traverse": {
			"version": "7.18.5",
			"license": "MIT",
			"dependencies": {
				"@babel/code-frame": "^7.16.7",
				"@babel/generator": "^7.18.2",
				"@babel/helper-environment-visitor": "^7.18.2",
				"@babel/helper-function-name": "^7.17.9",
				"@babel/helper-hoist-variables": "^7.16.7",
				"@babel/helper-split-export-declaration": "^7.16.7",
				"@babel/parser": "^7.18.5",
				"@babel/types": "^7.18.4",
				"debug": "^4.1.0",
				"globals": "^11.1.0"
			},
			"engines": {
				"node": ">=6.9.0"
			}
		},
		"node_modules/@babel/types": {
			"version": "7.18.4",
			"license": "MIT",
			"dependencies": {
				"@babel/helper-validator-identifier": "^7.16.7",
				"to-fast-properties": "^2.0.0"
			},
			"engines": {
				"node": ">=6.9.0"
			}
		},
		"node_modules/@emotion/cache": {
			"version": "10.0.29",
			"license": "MIT",
			"dependencies": {
				"@emotion/sheet": "0.9.4",
				"@emotion/stylis": "0.8.5",
				"@emotion/utils": "0.11.3",
				"@emotion/weak-memoize": "0.2.5"
			}
		},
		"node_modules/@emotion/core": {
			"version": "10.3.1",
			"license": "MIT",
			"dependencies": {
				"@babel/runtime": "^7.5.5",
				"@emotion/cache": "^10.0.27",
				"@emotion/css": "^10.0.27",
				"@emotion/serialize": "^0.11.15",
				"@emotion/sheet": "0.9.4",
				"@emotion/utils": "0.11.3"
			},
			"peerDependencies": {
				"react": ">=16.3.0"
			}
		},
		"node_modules/@emotion/css": {
			"version": "10.0.27",
			"license": "MIT",
			"dependencies": {
				"@emotion/serialize": "^0.11.15",
				"@emotion/utils": "0.11.3",
				"babel-plugin-emotion": "^10.0.27"
			}
		},
		"node_modules/@emotion/hash": {
			"version": "0.8.0",
			"license": "MIT"
		},
		"node_modules/@emotion/memoize": {
			"version": "0.7.4",
			"license": "MIT"
		},
		"node_modules/@emotion/serialize": {
			"version": "0.11.16",
			"license": "MIT",
			"dependencies": {
				"@emotion/hash": "0.8.0",
				"@emotion/memoize": "0.7.4",
				"@emotion/unitless": "0.7.5",
				"@emotion/utils": "0.11.3",
				"csstype": "^2.5.7"
			}
		},
		"node_modules/@emotion/sheet": {
			"version": "0.9.4",
			"license": "MIT"
		},
		"node_modules/@emotion/stylis": {
			"version": "0.8.5",
			"license": "MIT"
		},
		"node_modules/@emotion/unitless": {
			"version": "0.7.5",
			"license": "MIT"
		},
		"node_modules/@emotion/utils": {
			"version": "0.11.3",
			"license": "MIT"
		},
		"node_modules/@emotion/weak-memoize": {
			"version": "0.2.5",
			"license": "MIT"
		},
		"node_modules/@jridgewell/gen-mapping": {
			"version": "0.3.1",
			"license": "MIT",
			"dependencies": {
				"@jridgewell/set-array": "^1.0.0",
				"@jridgewell/sourcemap-codec": "^1.4.10",
				"@jridgewell/trace-mapping": "^0.3.9"
			},
			"engines": {
				"node": ">=6.0.0"
			}
		},
		"node_modules/@jridgewell/resolve-uri": {
			"version": "3.0.7",
			"license": "MIT",
			"engines": {
				"node": ">=6.0.0"
			}
		},
		"node_modules/@jridgewell/set-array": {
			"version": "1.1.1",
			"license": "MIT",
			"engines": {
				"node": ">=6.0.0"
			}
		},
		"node_modules/@jridgewell/sourcemap-codec": {
			"version": "1.4.13",
			"license": "MIT"
		},
		"node_modules/@jridgewell/trace-mapping": {
			"version": "0.3.13",
			"license": "MIT",
			"dependencies": {
				"@jridgewell/resolve-uri": "^3.0.3",
				"@jridgewell/sourcemap-codec": "^1.4.10"
			}
		},
		"node_modules/@types/parse-json": {
			"version": "4.0.0",
			"license": "MIT"
		},
		"node_modules/@types/prop-types": {
			"version": "15.7.5",
			"dev": true,
			"license": "MIT"
		},
		"node_modules/@types/react": {
			"version": "18.0.12",
			"dev": true,
			"license": "MIT",
			"dependencies": {
				"@types/prop-types": "*",
				"@types/scheduler": "*",
				"csstype": "^3.0.2"
			}
		},
		"node_modules/@types/react/node_modules/csstype": {
			"version": "3.1.0",
			"resolved": "https://registry.npmmirror.com/csstype/-/csstype-3.1.0.tgz",
			"integrity": "sha512-uX1KG+x9h5hIJsaKR9xHUeUraxf8IODOwq9JLNPq6BwB04a/xgpq3rcx47l5BZu5zBPlgD342tdke3Hom/nJRA==",
			"dev": true
		},
		"node_modules/@types/scheduler": {
			"version": "0.16.2",
			"dev": true,
			"license": "MIT"
		},
		"node_modules/ansi-styles": {
			"version": "3.2.1",
			"license": "MIT",
			"dependencies": {
				"color-convert": "^1.9.0"
			},
			"engines": {
				"node": ">=4"
			}
		},
		"node_modules/asap": {
			"version": "2.0.6",
			"resolved": "https://registry.npmmirror.com/asap/-/asap-2.0.6.tgz",
			"integrity": "sha512-BSHWgDSAiKs50o2Re8ppvp3seVHXSRM44cdSsT9FfNEUUZLOGWVCsiWaRPWM1Znn+mqZ1OfVZ3z3DWEzSp7hRA==",
			"dev": true
		},
		"node_modules/babel-plugin-emotion": {
			"version": "10.2.2",
			"license": "MIT",
			"dependencies": {
				"@babel/helper-module-imports": "^7.0.0",
				"@emotion/hash": "0.8.0",
				"@emotion/memoize": "0.7.4",
				"@emotion/serialize": "^0.11.16",
				"babel-plugin-macros": "^2.0.0",
				"babel-plugin-syntax-jsx": "^6.18.0",
				"convert-source-map": "^1.5.0",
				"escape-string-regexp": "^1.0.5",
				"find-root": "^1.1.0",
				"source-map": "^0.5.7"
			}
		},
		"node_modules/babel-plugin-macros": {
			"version": "2.8.0",
			"license": "MIT",
			"dependencies": {
				"@babel/runtime": "^7.7.2",
				"cosmiconfig": "^6.0.0",
				"resolve": "^1.12.0"
			}
		},
		"node_modules/babel-plugin-syntax-jsx": {
			"version": "6.18.0",
			"license": "MIT"
		},
		"node_modules/base64-js": {
			"version": "1.5.1",
			"resolved": "https://registry.npmmirror.com/base64-js/-/base64-js-1.5.1.tgz",
			"integrity": "sha512-AKpaYlHn8t4SVbOHCy+b5+KKgvR4vrsD8vbvrbiQJps7fKDTkjkDry6ji0rUJjC0kzbNePLwzxq8iypo41qeWA==",
			"dev": true
		},
		"node_modules/buffer": {
			"version": "5.7.1",
			"resolved": "https://registry.npmmirror.com/buffer/-/buffer-5.7.1.tgz",
			"integrity": "sha512-EHcyIPBQ4BSGlvjB16k5KgAJ27CIsHY/2JBmCRReo48y9rQ3MaUzWX3KVlBa4U7MyX02HdVj0K7C3WaB3ju7FQ==",
			"dev": true,
			"dependencies": {
				"base64-js": "^1.3.1",
				"ieee754": "^1.1.13"
			}
		},
		"node_modules/callsites": {
			"version": "3.1.0",
			"license": "MIT",
			"engines": {
				"node": ">=6"
			}
		},
		"node_modules/camelize": {
			"version": "1.0.0",
			"resolved": "https://registry.npmmirror.com/camelize/-/camelize-1.0.0.tgz",
			"integrity": "sha512-W2lPwkBkMZwFlPCXhIlYgxu+7gC/NUlCtdK652DAJ1JdgV0sTrvuPFshNPrFa1TY2JOkLhgdeEBplB4ezEa+xg==",
			"dev": true
		},
		"node_modules/chalk": {
			"version": "2.4.2",
			"license": "MIT",
			"dependencies": {
				"ansi-styles": "^3.2.1",
				"escape-string-regexp": "^1.0.5",
				"supports-color": "^5.3.0"
			},
			"engines": {
				"node": ">=4"
			}
		},
		"node_modules/color-convert": {
			"version": "1.9.3",
			"license": "MIT",
			"dependencies": {
				"color-name": "1.1.3"
			}
		},
		"node_modules/color-name": {
			"version": "1.1.3",
			"license": "MIT"
		},
		"node_modules/convert-source-map": {
			"version": "1.8.0",
			"license": "MIT",
			"dependencies": {
				"safe-buffer": "~5.1.1"
			}
		},
		"node_modules/core-js": {
			"version": "1.2.7",
			"resolved": "https://registry.npmmirror.com/core-js/-/core-js-1.2.7.tgz",
			"integrity": "sha512-ZiPp9pZlgxpWRu0M+YWbm6+aQ84XEfH1JRXvfOc/fILWI0VKhLC2LX13X1NYq4fULzLMq7Hfh43CSo2/aIaUPA==",
			"deprecated": "core-js@<3.4 is no longer maintained and not recommended for usage due to the number of issues. Because of the V8 engine whims, feature detection in old core-js versions could cause a slowdown up to 100x even if nothing is polyfilled. Please, upgrade your dependencies to the actual version of core-js.",
			"dev": true
		},
		"node_modules/cosmiconfig": {
			"version": "6.0.0",
			"license": "MIT",
			"dependencies": {
				"@types/parse-json": "^4.0.0",
				"import-fresh": "^3.1.0",
				"parse-json": "^5.0.0",
				"path-type": "^4.0.0",
				"yaml": "^1.7.2"
			},
			"engines": {
				"node": ">=8"
			}
		},
		"node_modules/css-color-keywords": {
			"version": "1.0.0",
			"resolved": "https://registry.npmmirror.com/css-color-keywords/-/css-color-keywords-1.0.0.tgz",
			"integrity": "sha512-FyyrDHZKEjXDpNJYvVsV960FiqQyXc/LlYmsxl2BcdMb2WPx0OGRVgTg55rPSyLSNMqP52R9r8geSp7apN3Ofg==",
			"dev": true,
			"engines": {
				"node": ">=4"
			}
		},
		"node_modules/css-to-react-native": {
			"version": "2.3.2",
			"resolved": "https://registry.npmmirror.com/css-to-react-native/-/css-to-react-native-2.3.2.tgz",
			"integrity": "sha512-VOFaeZA053BqvvvqIA8c9n0+9vFppVBAHCp6JgFTtTMU3Mzi+XnelJ9XC9ul3BqFzZyQ5N+H0SnwsWT2Ebchxw==",
			"dev": true,
			"dependencies": {
				"camelize": "^1.0.0",
				"css-color-keywords": "^1.0.0",
				"postcss-value-parser": "^3.3.0"
			}
		},
		"node_modules/csstype": {
			"version": "2.6.20",
			"license": "MIT"
		},
		"node_modules/debug": {
			"version": "4.3.4",
			"license": "MIT",
			"dependencies": {
				"ms": "2.1.2"
			},
			"engines": {
				"node": ">=6.0"
			},
			"peerDependenciesMeta": {
				"supports-color": {
					"optional": true
				}
			}
		},
		"node_modules/encoding": {
			"version": "0.1.13",
			"resolved": "https://registry.npmmirror.com/encoding/-/encoding-0.1.13.tgz",
			"integrity": "sha512-ETBauow1T35Y/WZMkio9jiM0Z5xjHHmJ4XmjZOq1l/dXz3lr2sRn87nJy20RupqSh1F2m3HHPSp8ShIPQJrJ3A==",
			"dev": true,
			"dependencies": {
				"iconv-lite": "^0.6.2"
			}
		},
		"node_modules/error-ex": {
			"version": "1.3.2",
			"license": "MIT",
			"dependencies": {
				"is-arrayish": "^0.2.1"
			}
		},
		"node_modules/escape-string-regexp": {
			"version": "1.0.5",
			"license": "MIT",
			"engines": {
				"node": ">=0.8.0"
			}
		},
		"node_modules/fbjs": {
			"version": "0.8.18",
			"resolved": "https://registry.npmmirror.com/fbjs/-/fbjs-0.8.18.tgz",
			"integrity": "sha512-EQaWFK+fEPSoibjNy8IxUtaFOMXcWsY0JaVrQoZR9zC8N2Ygf9iDITPWjUTVIax95b6I742JFLqASHfsag/vKA==",
			"dev": true,
			"dependencies": {
				"core-js": "^1.0.0",
				"isomorphic-fetch": "^2.1.1",
				"loose-envify": "^1.0.0",
				"object-assign": "^4.1.0",
				"promise": "^7.1.1",
				"setimmediate": "^1.0.5",
				"ua-parser-js": "^0.7.30"
			}
		},
		"node_modules/find-root": {
			"version": "1.1.0",
			"license": "MIT"
		},
		"node_modules/function-bind": {
			"version": "1.1.1",
			"license": "MIT"
		},
		"node_modules/globals": {
			"version": "11.12.0",
			"license": "MIT",
			"engines": {
				"node": ">=4"
			}
		},
		"node_modules/has": {
			"version": "1.0.3",
			"license": "MIT",
			"dependencies": {
				"function-bind": "^1.1.1"
			},
			"engines": {
				"node": ">= 0.4.0"
			}
		},
		"node_modules/has-flag": {
			"version": "3.0.0",
			"license": "MIT",
			"engines": {
				"node": ">=4"
			}
		},
		"node_modules/hoist-non-react-statics": {
			"version": "2.5.5",
			"resolved": "https://registry.npmmirror.com/hoist-non-react-statics/-/hoist-non-react-statics-2.5.5.tgz",
			"integrity": "sha512-rqcy4pJo55FTTLWt+bU8ukscqHeE/e9KWvsOW2b/a3afxQZhwkQdT1rPPCJ0rYXdj4vNcasY8zHTH+jF/qStxw==",
			"dev": true
		},
		"node_modules/iconv-lite": {
			"version": "0.6.3",
			"resolved": "https://registry.npmmirror.com/iconv-lite/-/iconv-lite-0.6.3.tgz",
			"integrity": "sha512-4fCk79wshMdzMp2rH06qWrJE4iolqLhCUH+OiuIgU++RB0+94NlDL81atO7GX55uUKueo0txHNtvEyI6D7WdMw==",
			"dev": true,
			"dependencies": {
				"safer-buffer": ">= 2.1.2 < 3.0.0"
			},
			"engines": {
				"node": ">=0.10.0"
			}
		},
		"node_modules/ieee754": {
			"version": "1.2.1",
			"resolved": "https://registry.npmmirror.com/ieee754/-/ieee754-1.2.1.tgz",
			"integrity": "sha512-dcyqhDvX1C46lXZcVqCpK+FtMRQVdIMN6/Df5js2zouUsqG7I6sFxitIC+7KYK29KdXOLHdu9zL4sFnoVQnqaA==",
			"dev": true
		},
		"node_modules/import-fresh": {
			"version": "3.3.0",
			"license": "MIT",
			"dependencies": {
				"parent-module": "^1.0.0",
				"resolve-from": "^4.0.0"
			},
			"engines": {
				"node": ">=6"
			},
			"funding": {
				"url": "https://github.com/sponsors/sindresorhus"
			}
		},
		"node_modules/is-arrayish": {
			"version": "0.2.1",
			"license": "MIT"
		},
		"node_modules/is-core-module": {
			"version": "2.9.0",
			"license": "MIT",
			"dependencies": {
				"has": "^1.0.3"
			},
			"funding": {
				"url": "https://github.com/sponsors/ljharb"
			}
		},
		"node_modules/is-stream": {
			"version": "1.1.0",
			"resolved": "https://registry.npmmirror.com/is-stream/-/is-stream-1.1.0.tgz",
			"integrity": "sha512-uQPm8kcs47jx38atAcWTVxyltQYoPT68y9aWYdV6yWXSyW8mzSat0TL6CiWdZeCdF3KrAvpVtnHbTv4RN+rqdQ==",
			"dev": true,
			"engines": {
				"node": ">=0.10.0"
			}
		},
		"node_modules/isomorphic-fetch": {
			"version": "2.2.1",
			"resolved": "https://registry.npmmirror.com/isomorphic-fetch/-/isomorphic-fetch-2.2.1.tgz",
			"integrity": "sha512-9c4TNAKYXM5PRyVcwUZrF3W09nQ+sO7+jydgs4ZGW9dhsLG2VOlISJABombdQqQRXCwuYG3sYV/puGf5rp0qmA==",
			"dev": true,
			"dependencies": {
				"node-fetch": "^1.0.1",
				"whatwg-fetch": ">=0.10.0"
			}
		},
		"node_modules/js-tokens": {
			"version": "4.0.0",
			"license": "MIT"
		},
		"node_modules/jsesc": {
			"version": "2.5.2",
			"license": "MIT",
			"bin": {
				"jsesc": "bin/jsesc"
			},
			"engines": {
				"node": ">=4"
			}
		},
		"node_modules/json-parse-even-better-errors": {
			"version": "2.3.1",
			"license": "MIT"
		},
		"node_modules/lines-and-columns": {
			"version": "1.2.4",
			"license": "MIT"
		},
		"node_modules/loose-envify": {
			"version": "1.4.0",
			"license": "MIT",
			"dependencies": {
				"js-tokens": "^3.0.0 || ^4.0.0"
			},
			"bin": {
				"loose-envify": "cli.js"
			}
		},
		"node_modules/ms": {
			"version": "2.1.2",
			"license": "MIT"
		},
		"node_modules/node-fetch": {
			"version": "1.7.3",
			"resolved": "https://registry.npmmirror.com/node-fetch/-/node-fetch-1.7.3.tgz",
			"integrity": "sha512-NhZ4CsKx7cYm2vSrBAr2PvFOe6sWDf0UYLRqA6svUYg7+/TSfVAu49jYC4BvQ4Sms9SZgdqGBgroqfDhJdTyKQ==",
			"dev": true,
			"dependencies": {
				"encoding": "^0.1.11",
				"is-stream": "^1.0.1"
			}
		},
		"node_modules/object-assign": {
			"version": "4.1.1",
			"license": "MIT",
			"engines": {
				"node": ">=0.10.0"
			}
		},
		"node_modules/parent-module": {
			"version": "1.0.1",
			"license": "MIT",
			"dependencies": {
				"callsites": "^3.0.0"
			},
			"engines": {
				"node": ">=6"
			}
		},
		"node_modules/parse-json": {
			"version": "5.2.0",
			"license": "MIT",
			"dependencies": {
				"@babel/code-frame": "^7.0.0",
				"error-ex": "^1.3.1",
				"json-parse-even-better-errors": "^2.3.0",
				"lines-and-columns": "^1.1.6"
			},
			"engines": {
				"node": ">=8"
			},
			"funding": {
				"url": "https://github.com/sponsors/sindresorhus"
			}
		},
		"node_modules/path-parse": {
			"version": "1.0.7",
			"license": "MIT"
		},
		"node_modules/path-type": {
			"version": "4.0.0",
			"license": "MIT",
			"engines": {
				"node": ">=8"
			}
		},
		"node_modules/postcss-value-parser": {
			"version": "3.3.1",
			"resolved": "https://registry.npmmirror.com/postcss-value-parser/-/postcss-value-parser-3.3.1.tgz",
			"integrity": "sha512-pISE66AbVkp4fDQ7VHBwRNXzAAKJjw4Vw7nWI/+Q3vuly7SNfgYXvm6i5IgFylHGK5sP/xHAbB7N49OS4gWNyQ==",
			"dev": true
		},
		"node_modules/promise": {
			"version": "7.3.1",
			"resolved": "https://registry.npmmirror.com/promise/-/promise-7.3.1.tgz",
			"integrity": "sha512-nolQXZ/4L+bP/UGlkfaIujX9BKxGwmQ9OT4mOt5yvy8iK1h3wqTEJCijzGANTCCl9nWjY41juyAn2K3Q1hLLTg==",
			"dev": true,
			"dependencies": {
				"asap": "~2.0.3"
			}
		},
		"node_modules/prop-types": {
			"version": "15.8.1",
			"license": "MIT",
			"dependencies": {
				"loose-envify": "^1.4.0",
				"object-assign": "^4.1.1",
				"react-is": "^16.13.1"
			}
		},
		"node_modules/react": {
			"version": "16.14.0",
			"license": "MIT",
			"dependencies": {
				"loose-envify": "^1.1.0",
				"object-assign": "^4.1.1",
				"prop-types": "^15.6.2"
			},
			"engines": {
				"node": ">=0.10.0"
			}
		},
		"node_modules/react-dom": {
			"version": "16.14.0",
			"resolved": "https://registry.npmmirror.com/react-dom/-/react-dom-16.14.0.tgz",
			"integrity": "sha512-1gCeQXDLoIqMgqD3IO2Ah9bnf0w9kzhwN5q4FGnHZ67hBm9yePzB5JJAIQCc8x3pFnNlwFq4RidZggNAAkzWWw==",
			"dev": true,
			"dependencies": {
				"loose-envify": "^1.1.0",
				"object-assign": "^4.1.1",
				"prop-types": "^15.6.2",
				"scheduler": "^0.19.1"
			},
			"peerDependencies": {
				"react": "^16.14.0"
			}
		},
		"node_modules/react-is": {
			"version": "16.13.1",
			"license": "MIT"
		},
		"node_modules/regenerator-runtime": {
			"version": "0.13.9",
			"license": "MIT"
		},
		"node_modules/resolve": {
			"version": "1.22.0",
			"license": "MIT",
			"dependencies": {
				"is-core-module": "^2.8.1",
				"path-parse": "^1.0.7",
				"supports-preserve-symlinks-flag": "^1.0.0"
			},
			"bin": {
				"resolve": "bin/resolve"
			},
			"funding": {
				"url": "https://github.com/sponsors/ljharb"
			}
		},
		"node_modules/resolve-from": {
			"version": "4.0.0",
			"license": "MIT",
			"engines": {
				"node": ">=4"
			}
		},
		"node_modules/safe-buffer": {
			"version": "5.1.2",
			"license": "MIT"
		},
		"node_modules/safer-buffer": {
			"version": "2.1.2",
			"resolved": "https://registry.npmmirror.com/safer-buffer/-/safer-buffer-2.1.2.tgz",
			"integrity": "sha512-YZo3K82SD7Riyi0E1EQPojLz7kpepnSQI9IyPbHHg1XXXevb5dJI7tpyN2ADxGcQbHG7vcyRHk0cbwqcQriUtg==",
			"dev": true
		},
		"node_modules/scheduler": {
			"version": "0.19.1",
			"dev": true,
			"license": "MIT",
			"dependencies": {
				"loose-envify": "^1.1.0",
				"object-assign": "^4.1.1"
			}
		},
		"node_modules/setimmediate": {
			"version": "1.0.5",
			"resolved": "https://registry.npmmirror.com/setimmediate/-/setimmediate-1.0.5.tgz",
			"integrity": "sha512-MATJdZp8sLqDl/68LfQmbP8zKPLQNV6BIZoIgrscFDQ+RsvK/BxeDQOgyxKKoh0y/8h3BqVFnCqQ/gd+reiIXA==",
			"dev": true
		},
		"node_modules/source-map": {
			"version": "0.5.7",
			"license": "BSD-3-Clause",
			"engines": {
				"node": ">=0.10.0"
			}
		},
		"node_modules/styled-components": {
			"version": "3.4.10",
			"resolved": "https://registry.npmmirror.com/styled-components/-/styled-components-3.4.10.tgz",
			"integrity": "sha512-TA8ip8LoILgmSAFd3r326pKtXytUUGu5YWuqZcOQVwVVwB6XqUMn4MHW2IuYJ/HAD81jLrdQed8YWfLSG1LX4Q==",
			"dev": true,
			"hasInstallScript": true,
			"dependencies": {
				"buffer": "^5.0.3",
				"css-to-react-native": "^2.0.3",
				"fbjs": "^0.8.16",
				"hoist-non-react-statics": "^2.5.0",
				"prop-types": "^15.5.4",
				"react-is": "^16.3.1",
				"stylis": "^3.5.0",
				"stylis-rule-sheet": "^0.0.10",
				"supports-color": "^3.2.3"
			},
			"peerDependencies": {
				"react": ">= 0.14.0 < 17.0.0-0"
			}
		},
		"node_modules/styled-components/node_modules/has-flag": {
			"version": "1.0.0",
			"resolved": "https://registry.npmmirror.com/has-flag/-/has-flag-1.0.0.tgz",
			"integrity": "sha512-DyYHfIYwAJmjAjSSPKANxI8bFY9YtFrgkAfinBojQ8YJTOuOuav64tMUJv584SES4xl74PmuaevIyaLESHdTAA==",
			"dev": true,
			"engines": {
				"node": ">=0.10.0"
			}
		},
		"node_modules/styled-components/node_modules/supports-color": {
			"version": "3.2.3",
			"resolved": "https://registry.npmmirror.com/supports-color/-/supports-color-3.2.3.tgz",
			"integrity": "sha512-Jds2VIYDrlp5ui7t8abHN2bjAu4LV/q4N2KivFPpGH0lrka0BMq/33AmECUXlKPcHigkNaqfXRENFju+rlcy+A==",
			"dev": true,
			"dependencies": {
				"has-flag": "^1.0.0"
			},
			"engines": {
				"node": ">=0.8.0"
			}
		},
		"node_modules/stylis": {
			"version": "3.5.4",
			"resolved": "https://registry.npmmirror.com/stylis/-/stylis-3.5.4.tgz",
			"integrity": "sha512-8/3pSmthWM7lsPBKv7NXkzn2Uc9W7NotcwGNpJaa3k7WMM1XDCA4MgT5k/8BIexd5ydZdboXtU90XH9Ec4Bv/Q==",
			"dev": true
		},
		"node_modules/stylis-rule-sheet": {
			"version": "0.0.10",
			"resolved": "https://registry.npmmirror.com/stylis-rule-sheet/-/stylis-rule-sheet-0.0.10.tgz",
			"integrity": "sha512-nTbZoaqoBnmK+ptANthb10ZRZOGC+EmTLLUxeYIuHNkEKcmKgXX1XWKkUBT2Ac4es3NybooPe0SmvKdhKJZAuw==",
			"dev": true,
			"peerDependencies": {
				"stylis": "^3.5.0"
			}
		},
		"node_modules/supports-color": {
			"version": "5.5.0",
			"license": "MIT",
			"dependencies": {
				"has-flag": "^3.0.0"
			},
			"engines": {
				"node": ">=4"
			}
		},
		"node_modules/supports-preserve-symlinks-flag": {
			"version": "1.0.0",
			"license": "MIT",
			"engines": {
				"node": ">= 0.4"
			},
			"funding": {
				"url": "https://github.com/sponsors/ljharb"
			}
		},
		"node_modules/to-fast-properties": {
			"version": "2.0.0",
			"license": "MIT",
			"engines": {
				"node": ">=4"
			}
		},
		"node_modules/tslib": {
			"version": "2.4.0",
			"license": "0BSD"
		},
		"node_modules/typescript": {
			"version": "4.7.3",
			"dev": true,
			"license": "Apache-2.0",
			"bin": {
				"tsc": "bin/tsc",
				"tsserver": "bin/tsserver"
			},
			"engines": {
				"node": ">=4.2.0"
			}
		},
		"node_modules/ua-parser-js": {
			"version": "0.7.31",
			"resolved": "https://registry.npmmirror.com/ua-parser-js/-/ua-parser-js-0.7.31.tgz",
			"integrity": "sha512-qLK/Xe9E2uzmYI3qLeOmI0tEOt+TBBQyUIAh4aAgU05FVYzeZrKUdkAZfBNVGRaHVgV0TDkdEngJSw/SyQchkQ==",
			"dev": true,
			"engines": {
				"node": "*"
			}
		},
		"node_modules/use-memo-one": {
			"version": "1.1.2",
			"license": "MIT",
			"peerDependencies": {
				"react": "^16.8.0 || ^17.0.0"
			}
		},
		"node_modules/whatwg-fetch": {
			"version": "3.6.2",
			"resolved": "https://registry.npmmirror.com/whatwg-fetch/-/whatwg-fetch-3.6.2.tgz",
			"integrity": "sha512-bJlen0FcuU/0EMLrdbJ7zOnW6ITZLrZMIarMUVmdKtsGvZna8vxKYaexICWPfZ8qwf9fzNq+UEIZrnSaApt6RA==",
			"dev": true
		},
		"node_modules/yaml": {
			"version": "1.10.2",
			"license": "ISC",
			"engines": {
				"node": ">= 6"
			}
		}
	},
	"dependencies": {
		"@atlaskit/button": {
			"version": "16.3.1",
			"resolved": "https://registry.npmmirror.com/@atlaskit/button/-/button-16.3.1.tgz",
			"integrity": "sha512-44lEkbTz/PqQyOt6gB2/RDUEEUcSTsZoHWTXWLMQUXgGLxtKaUya+lznQfngDVUBBoSN3abLXJXkykj/cj5Z3A==",
			"requires": {
				"@atlaskit/analytics-next": "^8.2.0",
				"@atlaskit/ds-lib": "^1.4.0",
				"@atlaskit/spinner": "^15.1.0",
				"@atlaskit/theme": "^12.1.0",
				"@atlaskit/tokens": "^0.10.0",
				"@babel/runtime": "^7.0.0",
				"@emotion/core": "^10.0.9"
			},
			"dependencies": {
				"@atlaskit/analytics-next": {
					"version": "8.3.1",
					"resolved": "https://registry.npmmirror.com/@atlaskit/analytics-next/-/analytics-next-8.3.1.tgz",
					"integrity": "sha512-vM1pMtn2IvCbUG6ZufWYJ8PUFluhUWVNtVZG+vR6ywdOC7M2bWrcfb18jBaIq2GfL/DzUQwOO3dZ2NFVpQTSLA==",
					"requires": {
						"@atlaskit/analytics-next-stable-react-context": "1.0.1",
						"@babel/runtime": "^7.0.0",
						"prop-types": "^15.5.10",
						"use-memo-one": "^1.1.1"
					}
				},
				"@atlaskit/analytics-next-stable-react-context": {
					"version": "1.0.1",
					"resolved": "https://registry.npmmirror.com/@atlaskit/analytics-next-stable-react-context/-/analytics-next-stable-react-context-1.0.1.tgz",
					"integrity": "sha512-iO6+hIp09dF4iAZQarVz3vKY1kM5Ij5CExYcK9jgc2q+OH8nv8n+BPFeJTdzGOGopmbUZn5Opj9pYQvge1Gr4Q==",
					"requires": {
						"tslib": "^2.0.0"
					}
				},
				"@atlaskit/ds-lib": {
					"version": "1.4.2",
					"resolved": "https://registry.npmmirror.com/@atlaskit/ds-lib/-/ds-lib-1.4.2.tgz",
					"integrity": "sha512-HcZbjppbWLH6cYyb/fDplUZaWabtM1qdse2zUJaACsGTSCCI1m8+T3dVCYlGn6NtzehqkabEY9DWgK/DlLzNlQ==",
					"requires": {
						"@babel/runtime": "^7.0.0"
					}
				}
			}
		},
		"@atlaskit/codemod-utils": {
			"version": "4.1.0",
			"requires": {
				"@babel/runtime": "^7.0.0"
			}
		},
		"@atlaskit/spinner": {
			"version": "15.1.12",
			"requires": {
				"@atlaskit/theme": "^12.1.0",
				"@atlaskit/tokens": "^0.10.0",
				"@babel/runtime": "^7.0.0",
				"@emotion/core": "^10.0.9"
			}
		},
		"@atlaskit/theme": {
			"version": "12.1.8",
			"requires": {
				"@atlaskit/codemod-utils": "^4.0.0",
				"@atlaskit/ds-lib": "^1.4.0",
				"@atlaskit/tokens": "^0.10.0",
				"@babel/runtime": "^7.0.0"
			},
			"dependencies": {
				"@atlaskit/ds-lib": {
					"version": "1.4.2",
					"resolved": "https://registry.npmmirror.com/@atlaskit/ds-lib/-/ds-lib-1.4.2.tgz",
					"integrity": "sha512-HcZbjppbWLH6cYyb/fDplUZaWabtM1qdse2zUJaACsGTSCCI1m8+T3dVCYlGn6NtzehqkabEY9DWgK/DlLzNlQ==",
					"requires": {
						"@babel/runtime": "^7.0.0"
					}
				}
			}
		},
		"@atlaskit/tokens": {
			"version": "0.10.5",
			"requires": {
				"@atlaskit/ds-lib": "^1.4.0",
				"@babel/runtime": "^7.0.0",
				"@babel/traverse": "^7.15.0",
				"@babel/types": "^7.15.0"
			},
			"dependencies": {
				"@atlaskit/ds-lib": {
					"version": "1.4.2",
					"resolved": "https://registry.npmmirror.com/@atlaskit/ds-lib/-/ds-lib-1.4.2.tgz",
					"integrity": "sha512-HcZbjppbWLH6cYyb/fDplUZaWabtM1qdse2zUJaACsGTSCCI1m8+T3dVCYlGn6NtzehqkabEY9DWgK/DlLzNlQ==",
					"requires": {
						"@babel/runtime": "^7.0.0"
					}
				}
			}
		},
		"@babel/code-frame": {
			"version": "7.16.7",
			"requires": {
				"@babel/highlight": "^7.16.7"
			}
		},
		"@babel/generator": {
			"version": "7.18.2",
			"requires": {
				"@babel/types": "^7.18.2",
				"@jridgewell/gen-mapping": "^0.3.0",
				"jsesc": "^2.5.1"
			}
		},
		"@babel/helper-environment-visitor": {
			"version": "7.18.2"
		},
		"@babel/helper-function-name": {
			"version": "7.17.9",
			"requires": {
				"@babel/template": "^7.16.7",
				"@babel/types": "^7.17.0"
			}
		},
		"@babel/helper-hoist-variables": {
			"version": "7.16.7",
			"requires": {
				"@babel/types": "^7.16.7"
			}
		},
		"@babel/helper-module-imports": {
			"version": "7.16.7",
			"requires": {
				"@babel/types": "^7.16.7"
			}
		},
		"@babel/helper-split-export-declaration": {
			"version": "7.16.7",
			"requires": {
				"@babel/types": "^7.16.7"
			}
		},
		"@babel/helper-validator-identifier": {
			"version": "7.16.7"
		},
		"@babel/highlight": {
			"version": "7.17.12",
			"requires": {
				"@babel/helper-validator-identifier": "^7.16.7",
				"chalk": "^2.0.0",
				"js-tokens": "^4.0.0"
			}
		},
		"@babel/parser": {
			"version": "7.18.5"
		},
		"@babel/runtime": {
			"version": "7.18.3",
			"requires": {
				"regenerator-runtime": "^0.13.4"
			}
		},
		"@babel/template": {
			"version": "7.16.7",
			"requires": {
				"@babel/code-frame": "^7.16.7",
				"@babel/parser": "^7.16.7",
				"@babel/types": "^7.16.7"
			}
		},
		"@babel/traverse": {
			"version": "7.18.5",
			"requires": {
				"@babel/code-frame": "^7.16.7",
				"@babel/generator": "^7.18.2",
				"@babel/helper-environment-visitor": "^7.18.2",
				"@babel/helper-function-name": "^7.17.9",
				"@babel/helper-hoist-variables": "^7.16.7",
				"@babel/helper-split-export-declaration": "^7.16.7",
				"@babel/parser": "^7.18.5",
				"@babel/types": "^7.18.4",
				"debug": "^4.1.0",
				"globals": "^11.1.0"
			}
		},
		"@babel/types": {
			"version": "7.18.4",
			"requires": {
				"@babel/helper-validator-identifier": "^7.16.7",
				"to-fast-properties": "^2.0.0"
			}
		},
		"@emotion/cache": {
			"version": "10.0.29",
			"requires": {
				"@emotion/sheet": "0.9.4",
				"@emotion/stylis": "0.8.5",
				"@emotion/utils": "0.11.3",
				"@emotion/weak-memoize": "0.2.5"
			}
		},
		"@emotion/core": {
			"version": "10.3.1",
			"requires": {
				"@babel/runtime": "^7.5.5",
				"@emotion/cache": "^10.0.27",
				"@emotion/css": "^10.0.27",
				"@emotion/serialize": "^0.11.15",
				"@emotion/sheet": "0.9.4",
				"@emotion/utils": "0.11.3"
			}
		},
		"@emotion/css": {
			"version": "10.0.27",
			"requires": {
				"@emotion/serialize": "^0.11.15",
				"@emotion/utils": "0.11.3",
				"babel-plugin-emotion": "^10.0.27"
			}
		},
		"@emotion/hash": {
			"version": "0.8.0"
		},
		"@emotion/memoize": {
			"version": "0.7.4"
		},
		"@emotion/serialize": {
			"version": "0.11.16",
			"requires": {
				"@emotion/hash": "0.8.0",
				"@emotion/memoize": "0.7.4",
				"@emotion/unitless": "0.7.5",
				"@emotion/utils": "0.11.3",
				"csstype": "^2.5.7"
			}
		},
		"@emotion/sheet": {
			"version": "0.9.4"
		},
		"@emotion/stylis": {
			"version": "0.8.5"
		},
		"@emotion/unitless": {
			"version": "0.7.5"
		},
		"@emotion/utils": {
			"version": "0.11.3"
		},
		"@emotion/weak-memoize": {
			"version": "0.2.5"
		},
		"@jridgewell/gen-mapping": {
			"version": "0.3.1",
			"requires": {
				"@jridgewell/set-array": "^1.0.0",
				"@jridgewell/sourcemap-codec": "^1.4.10",
				"@jridgewell/trace-mapping": "^0.3.9"
			}
		},
		"@jridgewell/resolve-uri": {
			"version": "3.0.7"
		},
		"@jridgewell/set-array": {
			"version": "1.1.1"
		},
		"@jridgewell/sourcemap-codec": {
			"version": "1.4.13"
		},
		"@jridgewell/trace-mapping": {
			"version": "0.3.13",
			"requires": {
				"@jridgewell/resolve-uri": "^3.0.3",
				"@jridgewell/sourcemap-codec": "^1.4.10"
			}
		},
		"@types/parse-json": {
			"version": "4.0.0"
		},
		"@types/prop-types": {
			"version": "15.7.5",
			"dev": true
		},
		"@types/react": {
			"version": "18.0.12",
			"dev": true,
			"requires": {
				"@types/prop-types": "*",
				"@types/scheduler": "*",
				"csstype": "^3.0.2"
			},
			"dependencies": {
				"csstype": {
					"version": "3.1.0",
					"resolved": "https://registry.npmmirror.com/csstype/-/csstype-3.1.0.tgz",
					"integrity": "sha512-uX1KG+x9h5hIJsaKR9xHUeUraxf8IODOwq9JLNPq6BwB04a/xgpq3rcx47l5BZu5zBPlgD342tdke3Hom/nJRA==",
					"dev": true
				}
			}
		},
		"@types/scheduler": {
			"version": "0.16.2",
			"dev": true
		},
		"ansi-styles": {
			"version": "3.2.1",
			"requires": {
				"color-convert": "^1.9.0"
			}
		},
		"asap": {
			"version": "2.0.6",
			"resolved": "https://registry.npmmirror.com/asap/-/asap-2.0.6.tgz",
			"integrity": "sha512-BSHWgDSAiKs50o2Re8ppvp3seVHXSRM44cdSsT9FfNEUUZLOGWVCsiWaRPWM1Znn+mqZ1OfVZ3z3DWEzSp7hRA==",
			"dev": true
		},
		"babel-plugin-emotion": {
			"version": "10.2.2",
			"requires": {
				"@babel/helper-module-imports": "^7.0.0",
				"@emotion/hash": "0.8.0",
				"@emotion/memoize": "0.7.4",
				"@emotion/serialize": "^0.11.16",
				"babel-plugin-macros": "^2.0.0",
				"babel-plugin-syntax-jsx": "^6.18.0",
				"convert-source-map": "^1.5.0",
				"escape-string-regexp": "^1.0.5",
				"find-root": "^1.1.0",
				"source-map": "^0.5.7"
			}
		},
		"babel-plugin-macros": {
			"version": "2.8.0",
			"requires": {
				"@babel/runtime": "^7.7.2",
				"cosmiconfig": "^6.0.0",
				"resolve": "^1.12.0"
			}
		},
		"babel-plugin-syntax-jsx": {
			"version": "6.18.0"
		},
		"base64-js": {
			"version": "1.5.1",
			"resolved": "https://registry.npmmirror.com/base64-js/-/base64-js-1.5.1.tgz",
			"integrity": "sha512-AKpaYlHn8t4SVbOHCy+b5+KKgvR4vrsD8vbvrbiQJps7fKDTkjkDry6ji0rUJjC0kzbNePLwzxq8iypo41qeWA==",
			"dev": true
		},
		"buffer": {
			"version": "5.7.1",
			"resolved": "https://registry.npmmirror.com/buffer/-/buffer-5.7.1.tgz",
			"integrity": "sha512-EHcyIPBQ4BSGlvjB16k5KgAJ27CIsHY/2JBmCRReo48y9rQ3MaUzWX3KVlBa4U7MyX02HdVj0K7C3WaB3ju7FQ==",
			"dev": true,
			"requires": {
				"base64-js": "^1.3.1",
				"ieee754": "^1.1.13"
			}
		},
		"callsites": {
			"version": "3.1.0"
		},
		"camelize": {
			"version": "1.0.0",
			"resolved": "https://registry.npmmirror.com/camelize/-/camelize-1.0.0.tgz",
			"integrity": "sha512-W2lPwkBkMZwFlPCXhIlYgxu+7gC/NUlCtdK652DAJ1JdgV0sTrvuPFshNPrFa1TY2JOkLhgdeEBplB4ezEa+xg==",
			"dev": true
		},
		"chalk": {
			"version": "2.4.2",
			"requires": {
				"ansi-styles": "^3.2.1",
				"escape-string-regexp": "^1.0.5",
				"supports-color": "^5.3.0"
			}
		},
		"color-convert": {
			"version": "1.9.3",
			"requires": {
				"color-name": "1.1.3"
			}
		},
		"color-name": {
			"version": "1.1.3"
		},
		"convert-source-map": {
			"version": "1.8.0",
			"requires": {
				"safe-buffer": "~5.1.1"
			}
		},
		"core-js": {
			"version": "1.2.7",
			"resolved": "https://registry.npmmirror.com/core-js/-/core-js-1.2.7.tgz",
			"integrity": "sha512-ZiPp9pZlgxpWRu0M+YWbm6+aQ84XEfH1JRXvfOc/fILWI0VKhLC2LX13X1NYq4fULzLMq7Hfh43CSo2/aIaUPA==",
			"dev": true
		},
		"cosmiconfig": {
			"version": "6.0.0",
			"requires": {
				"@types/parse-json": "^4.0.0",
				"import-fresh": "^3.1.0",
				"parse-json": "^5.0.0",
				"path-type": "^4.0.0",
				"yaml": "^1.7.2"
			}
		},
		"css-color-keywords": {
			"version": "1.0.0",
			"resolved": "https://registry.npmmirror.com/css-color-keywords/-/css-color-keywords-1.0.0.tgz",
			"integrity": "sha512-FyyrDHZKEjXDpNJYvVsV960FiqQyXc/LlYmsxl2BcdMb2WPx0OGRVgTg55rPSyLSNMqP52R9r8geSp7apN3Ofg==",
			"dev": true
		},
		"css-to-react-native": {
			"version": "2.3.2",
			"resolved": "https://registry.npmmirror.com/css-to-react-native/-/css-to-react-native-2.3.2.tgz",
			"integrity": "sha512-VOFaeZA053BqvvvqIA8c9n0+9vFppVBAHCp6JgFTtTMU3Mzi+XnelJ9XC9ul3BqFzZyQ5N+H0SnwsWT2Ebchxw==",
			"dev": true,
			"requires": {
				"camelize": "^1.0.0",
				"css-color-keywords": "^1.0.0",
				"postcss-value-parser": "^3.3.0"
			}
		},
		"csstype": {
			"version": "2.6.20"
		},
		"debug": {
			"version": "4.3.4",
			"requires": {
				"ms": "2.1.2"
			}
		},
		"encoding": {
			"version": "0.1.13",
			"resolved": "https://registry.npmmirror.com/encoding/-/encoding-0.1.13.tgz",
			"integrity": "sha512-ETBauow1T35Y/WZMkio9jiM0Z5xjHHmJ4XmjZOq1l/dXz3lr2sRn87nJy20RupqSh1F2m3HHPSp8ShIPQJrJ3A==",
			"dev": true,
			"requires": {
				"iconv-lite": "^0.6.2"
			}
		},
		"error-ex": {
			"version": "1.3.2",
			"requires": {
				"is-arrayish": "^0.2.1"
			}
		},
		"escape-string-regexp": {
			"version": "1.0.5"
		},
		"fbjs": {
			"version": "0.8.18",
			"resolved": "https://registry.npmmirror.com/fbjs/-/fbjs-0.8.18.tgz",
			"integrity": "sha512-EQaWFK+fEPSoibjNy8IxUtaFOMXcWsY0JaVrQoZR9zC8N2Ygf9iDITPWjUTVIax95b6I742JFLqASHfsag/vKA==",
			"dev": true,
			"requires": {
				"core-js": "^1.0.0",
				"isomorphic-fetch": "^2.1.1",
				"loose-envify": "^1.0.0",
				"object-assign": "^4.1.0",
				"promise": "^7.1.1",
				"setimmediate": "^1.0.5",
				"ua-parser-js": "^0.7.30"
			}
		},
		"find-root": {
			"version": "1.1.0"
		},
		"function-bind": {
			"version": "1.1.1"
		},
		"globals": {
			"version": "11.12.0"
		},
		"has": {
			"version": "1.0.3",
			"requires": {
				"function-bind": "^1.1.1"
			}
		},
		"has-flag": {
			"version": "3.0.0"
		},
		"hoist-non-react-statics": {
			"version": "2.5.5",
			"resolved": "https://registry.npmmirror.com/hoist-non-react-statics/-/hoist-non-react-statics-2.5.5.tgz",
			"integrity": "sha512-rqcy4pJo55FTTLWt+bU8ukscqHeE/e9KWvsOW2b/a3afxQZhwkQdT1rPPCJ0rYXdj4vNcasY8zHTH+jF/qStxw==",
			"dev": true
		},
		"iconv-lite": {
			"version": "0.6.3",
			"resolved": "https://registry.npmmirror.com/iconv-lite/-/iconv-lite-0.6.3.tgz",
			"integrity": "sha512-4fCk79wshMdzMp2rH06qWrJE4iolqLhCUH+OiuIgU++RB0+94NlDL81atO7GX55uUKueo0txHNtvEyI6D7WdMw==",
			"dev": true,
			"requires": {
				"safer-buffer": ">= 2.1.2 < 3.0.0"
			}
		},
		"ieee754": {
			"version": "1.2.1",
			"resolved": "https://registry.npmmirror.com/ieee754/-/ieee754-1.2.1.tgz",
			"integrity": "sha512-dcyqhDvX1C46lXZcVqCpK+FtMRQVdIMN6/Df5js2zouUsqG7I6sFxitIC+7KYK29KdXOLHdu9zL4sFnoVQnqaA==",
			"dev": true
		},
		"import-fresh": {
			"version": "3.3.0",
			"requires": {
				"parent-module": "^1.0.0",
				"resolve-from": "^4.0.0"
			}
		},
		"is-arrayish": {
			"version": "0.2.1"
		},
		"is-core-module": {
			"version": "2.9.0",
			"requires": {
				"has": "^1.0.3"
			}
		},
		"is-stream": {
			"version": "1.1.0",
			"resolved": "https://registry.npmmirror.com/is-stream/-/is-stream-1.1.0.tgz",
			"integrity": "sha512-uQPm8kcs47jx38atAcWTVxyltQYoPT68y9aWYdV6yWXSyW8mzSat0TL6CiWdZeCdF3KrAvpVtnHbTv4RN+rqdQ==",
			"dev": true
		},
		"isomorphic-fetch": {
			"version": "2.2.1",
			"resolved": "https://registry.npmmirror.com/isomorphic-fetch/-/isomorphic-fetch-2.2.1.tgz",
			"integrity": "sha512-9c4TNAKYXM5PRyVcwUZrF3W09nQ+sO7+jydgs4ZGW9dhsLG2VOlISJABombdQqQRXCwuYG3sYV/puGf5rp0qmA==",
			"dev": true,
			"requires": {
				"node-fetch": "^1.0.1",
				"whatwg-fetch": ">=0.10.0"
			}
		},
		"js-tokens": {
			"version": "4.0.0"
		},
		"jsesc": {
			"version": "2.5.2"
		},
		"json-parse-even-better-errors": {
			"version": "2.3.1"
		},
		"lines-and-columns": {
			"version": "1.2.4"
		},
		"loose-envify": {
			"version": "1.4.0",
			"requires": {
				"js-tokens": "^3.0.0 || ^4.0.0"
			}
		},
		"ms": {
			"version": "2.1.2"
		},
		"node-fetch": {
			"version": "1.7.3",
			"resolved": "https://registry.npmmirror.com/node-fetch/-/node-fetch-1.7.3.tgz",
			"integrity": "sha512-NhZ4CsKx7cYm2vSrBAr2PvFOe6sWDf0UYLRqA6svUYg7+/TSfVAu49jYC4BvQ4Sms9SZgdqGBgroqfDhJdTyKQ==",
			"dev": true,
			"requires": {
				"encoding": "^0.1.11",
				"is-stream": "^1.0.1"
			}
		},
		"object-assign": {
			"version": "4.1.1"
		},
		"parent-module": {
			"version": "1.0.1",
			"requires": {
				"callsites": "^3.0.0"
			}
		},
		"parse-json": {
			"version": "5.2.0",
			"requires": {
				"@babel/code-frame": "^7.0.0",
				"error-ex": "^1.3.1",
				"json-parse-even-better-errors": "^2.3.0",
				"lines-and-columns": "^1.1.6"
			}
		},
		"path-parse": {
			"version": "1.0.7"
		},
		"path-type": {
			"version": "4.0.0"
		},
		"postcss-value-parser": {
			"version": "3.3.1",
			"resolved": "https://registry.npmmirror.com/postcss-value-parser/-/postcss-value-parser-3.3.1.tgz",
			"integrity": "sha512-pISE66AbVkp4fDQ7VHBwRNXzAAKJjw4Vw7nWI/+Q3vuly7SNfgYXvm6i5IgFylHGK5sP/xHAbB7N49OS4gWNyQ==",
			"dev": true
		},
		"promise": {
			"version": "7.3.1",
			"resolved": "https://registry.npmmirror.com/promise/-/promise-7.3.1.tgz",
			"integrity": "sha512-nolQXZ/4L+bP/UGlkfaIujX9BKxGwmQ9OT4mOt5yvy8iK1h3wqTEJCijzGANTCCl9nWjY41juyAn2K3Q1hLLTg==",
			"dev": true,
			"requires": {
				"asap": "~2.0.3"
			}
		},
		"prop-types": {
			"version": "15.8.1",
			"requires": {
				"loose-envify": "^1.4.0",
				"object-assign": "^4.1.1",
				"react-is": "^16.13.1"
			}
		},
		"react": {
			"version": "16.14.0",
			"requires": {
				"loose-envify": "^1.1.0",
				"object-assign": "^4.1.1",
				"prop-types": "^15.6.2"
			}
		},
		"react-dom": {
			"version": "16.14.0",
			"resolved": "https://registry.npmmirror.com/react-dom/-/react-dom-16.14.0.tgz",
			"integrity": "sha512-1gCeQXDLoIqMgqD3IO2Ah9bnf0w9kzhwN5q4FGnHZ67hBm9yePzB5JJAIQCc8x3pFnNlwFq4RidZggNAAkzWWw==",
			"dev": true,
			"requires": {
				"loose-envify": "^1.1.0",
				"object-assign": "^4.1.1",
				"prop-types": "^15.6.2",
				"scheduler": "^0.19.1"
			}
		},
		"react-is": {
			"version": "16.13.1"
		},
		"regenerator-runtime": {
			"version": "0.13.9"
		},
		"resolve": {
			"version": "1.22.0",
			"requires": {
				"is-core-module": "^2.8.1",
				"path-parse": "^1.0.7",
				"supports-preserve-symlinks-flag": "^1.0.0"
			}
		},
		"resolve-from": {
			"version": "4.0.0"
		},
		"safe-buffer": {
			"version": "5.1.2"
		},
		"safer-buffer": {
			"version": "2.1.2",
			"resolved": "https://registry.npmmirror.com/safer-buffer/-/safer-buffer-2.1.2.tgz",
			"integrity": "sha512-YZo3K82SD7Riyi0E1EQPojLz7kpepnSQI9IyPbHHg1XXXevb5dJI7tpyN2ADxGcQbHG7vcyRHk0cbwqcQriUtg==",
			"dev": true
		},
		"scheduler": {
			"version": "0.19.1",
			"dev": true,
			"requires": {
				"loose-envify": "^1.1.0",
				"object-assign": "^4.1.1"
			}
		},
		"setimmediate": {
			"version": "1.0.5",
			"resolved": "https://registry.npmmirror.com/setimmediate/-/setimmediate-1.0.5.tgz",
			"integrity": "sha512-MATJdZp8sLqDl/68LfQmbP8zKPLQNV6BIZoIgrscFDQ+RsvK/BxeDQOgyxKKoh0y/8h3BqVFnCqQ/gd+reiIXA==",
			"dev": true
		},
		"source-map": {
			"version": "0.5.7"
		},
		"styled-components": {
			"version": "3.4.10",
			"resolved": "https://registry.npmmirror.com/styled-components/-/styled-components-3.4.10.tgz",
			"integrity": "sha512-TA8ip8LoILgmSAFd3r326pKtXytUUGu5YWuqZcOQVwVVwB6XqUMn4MHW2IuYJ/HAD81jLrdQed8YWfLSG1LX4Q==",
			"dev": true,
			"requires": {
				"buffer": "^5.0.3",
				"css-to-react-native": "^2.0.3",
				"fbjs": "^0.8.16",
				"hoist-non-react-statics": "^2.5.0",
				"prop-types": "^15.5.4",
				"react-is": "^16.3.1",
				"stylis": "^3.5.0",
				"stylis-rule-sheet": "^0.0.10",
				"supports-color": "^3.2.3"
			},
			"dependencies": {
				"has-flag": {
					"version": "1.0.0",
					"resolved": "https://registry.npmmirror.com/has-flag/-/has-flag-1.0.0.tgz",
					"integrity": "sha512-DyYHfIYwAJmjAjSSPKANxI8bFY9YtFrgkAfinBojQ8YJTOuOuav64tMUJv584SES4xl74PmuaevIyaLESHdTAA==",
					"dev": true
				},
				"supports-color": {
					"version": "3.2.3",
					"resolved": "https://registry.npmmirror.com/supports-color/-/supports-color-3.2.3.tgz",
					"integrity": "sha512-Jds2VIYDrlp5ui7t8abHN2bjAu4LV/q4N2KivFPpGH0lrka0BMq/33AmECUXlKPcHigkNaqfXRENFju+rlcy+A==",
					"dev": true,
					"requires": {
						"has-flag": "^1.0.0"
					}
				}
			}
		},
		"stylis": {
			"version": "3.5.4",
			"resolved": "https://registry.npmmirror.com/stylis/-/stylis-3.5.4.tgz",
			"integrity": "sha512-8/3pSmthWM7lsPBKv7NXkzn2Uc9W7NotcwGNpJaa3k7WMM1XDCA4MgT5k/8BIexd5ydZdboXtU90XH9Ec4Bv/Q==",
			"dev": true
		},
		"stylis-rule-sheet": {
			"version": "0.0.10",
			"resolved": "https://registry.npmmirror.com/stylis-rule-sheet/-/stylis-rule-sheet-0.0.10.tgz",
			"integrity": "sha512-nTbZoaqoBnmK+ptANthb10ZRZOGC+EmTLLUxeYIuHNkEKcmKgXX1XWKkUBT2Ac4es3NybooPe0SmvKdhKJZAuw==",
			"dev": true,
			"requires": {}
		},
		"supports-color": {
			"version": "5.5.0",
			"requires": {
				"has-flag": "^3.0.0"
			}
		},
		"supports-preserve-symlinks-flag": {
			"version": "1.0.0"
		},
		"to-fast-properties": {
			"version": "2.0.0"
		},
		"tslib": {
			"version": "2.4.0"
		},
		"typescript": {
			"version": "4.7.3",
			"dev": true
		},
		"ua-parser-js": {
			"version": "0.7.31",
			"resolved": "https://registry.npmmirror.com/ua-parser-js/-/ua-parser-js-0.7.31.tgz",
			"integrity": "sha512-qLK/Xe9E2uzmYI3qLeOmI0tEOt+TBBQyUIAh4aAgU05FVYzeZrKUdkAZfBNVGRaHVgV0TDkdEngJSw/SyQchkQ==",
			"dev": true
		},
		"use-memo-one": {
			"version": "1.1.2",
			"requires": {}
		},
		"whatwg-fetch": {
			"version": "3.6.2",
			"resolved": "https://registry.npmmirror.com/whatwg-fetch/-/whatwg-fetch-3.6.2.tgz",
			"integrity": "sha512-bJlen0FcuU/0EMLrdbJ7zOnW6ITZLrZMIarMUVmdKtsGvZna8vxKYaexICWPfZ8qwf9fzNq+UEIZrnSaApt6RA==",
			"dev": true
		},
		"yaml": {
			"version": "1.10.2"
		}
	}
}
